
Microsoft Visual Studio Solution File, Format Version 12.00
# Visual Studio Version 16
VisualStudioVersion = 16.0.29709.97
MinimumVisualStudioVersion = 10.0.40219.1
Project("{FAE04EC0-301F-11D3-BF4B-00C04F79EFBC}") = "comp680", "comp680.csproj", "{F5B74BA9-3F50-4FA8-8841-7CB3FAD197F8}"
EndProject
Global
	GlobalSection(SolutionConfigurationPlatforms) = preSolution
		Debug|Any CPU = Debug|Any CPU
		Release|Any CPU = Release|Any CPU
	EndGlobalSection
	GlobalSection(ProjectConfigurationPlatforms) = postSolution
		{F5B74BA9-3F50-4FA8-8841-7CB3FAD197F8}.Debug|Any CPU.ActiveCfg = Debug|Any CPU
		{F5B74BA9-3F50-4FA8-8841-7CB3FAD197F8}.Debug|Any CPU.Build.0 = Debug|Any CPU
		{F5B74BA9-3F50-4FA8-8841-7CB3FAD197F8}.Release|Any CPU.ActiveCfg = Release|Any CPU
		{F5B74BA9-3F50-4FA8-8841-7CB3FAD197F8}.Release|Any CPU.Build.0 = Release|Any CPU
	EndGlobalSection
	GlobalSection(SolutionProperties) = preSolution
		HideSolutionNode = FALSE
	EndGlobalSection
	GlobalSection(ExtensibilityGlobals) = postSolution
		SolutionGuid = {80F969AA-DD5B-4A19-A7EC-7B9A15403AE5}
	EndGlobalSection
EndGlobal
